// !$*UTF8*$!
{
	archiveVersion = 1;
	classes = {
	};
	objectVersion = 50;
	objects = {

/* Begin PBXBuildFile section */
		10A7E43A22DC723D00DF3D34 /* AppDelegate.swift in Sources */ = {isa = PBXBuildFile; fileRef = 10A7E43922DC723D00DF3D34 /* AppDelegate.swift */; };
		10A7E43C22DC723D00DF3D34 /* ViewController.swift in Sources */ = {isa = PBXBuildFile; fileRef = 10A7E43B22DC723D00DF3D34 /* ViewController.swift */; };
		10A7E43F22DC723D00DF3D34 /* Main.storyboard in Resources */ = {isa = PBXBuildFile; fileRef = 10A7E43D22DC723D00DF3D34 /* Main.storyboard */; };
		10A7E44122DC723F00DF3D34 /* Assets.xcassets in Resources */ = {isa = PBXBuildFile; fileRef = 10A7E44022DC723F00DF3D34 /* Assets.xcassets */; };
		10A7E44422DC723F00DF3D34 /* LaunchScreen.storyboard in Resources */ = {isa = PBXBuildFile; fileRef = 10A7E44222DC723F00DF3D34 /* LaunchScreen.storyboard */; };
		10A7E44F22DC723F00DF3D34 /* SpeechToTextTests.swift in Sources */ = {isa = PBXBuildFile; fileRef = 10A7E44E22DC723F00DF3D34 /* SpeechToTextTests.swift */; };
		10A7E45A22DC723F00DF3D34 /* SpeechToTextUITests.swift in Sources */ = {isa = PBXBuildFile; fileRef = 10A7E45922DC723F00DF3D34 /* SpeechToTextUITests.swift */; };
/* End PBXBuildFile section */

/* Begin PBXContainerItemProxy section */
		10A7E44B22DC723F00DF3D34 /* PBXContainerItemProxy */ = {
			isa = PBXContainerItemProxy;
			containerPortal = 10A7E42E22DC723D00DF3D34 /* Project object */;
			proxyType = 1;
			remoteGlobalIDString = 10A7E43522DC723D00DF3D34;
			remoteInfo = SpeechToText;
		};
		10A7E45622DC723F00DF3D34 /* PBXContainerItemProxy */ = {
			isa = PBXContainerItemProxy;
			containerPortal = 10A7E42E22DC723D00DF3D34 /* Project object */;
			proxyType = 1;
			remoteGlobalIDString = 10A7E43522DC723D00DF3D34;
			remoteInfo = SpeechToText;
		};
/* End PBXContainerItemProxy section */

/* Begin PBXFileReference section */
		10A7E43622DC723D00DF3D34 /* SpeechToText.app */ = {isa = PBXFileReference; explicitFileType = wrapper.application; includeInIndex = 0; path = SpeechToText.app; sourceTree = BUILT_PRODUCTS_DIR; };
		10A7E43922DC723D00DF3D34 /* AppDelegate.swift */ = {isa = PBXFileReference; lastKnownFileType = sourcecode.swift; path = AppDelegate.swift; sourceTree = "<group>"; };
		10A7E43B22DC723D00DF3D34 /* ViewController.swift */ = {isa = PBXFileReference; lastKnownFileType = sourcecode.swift; path = ViewController.swift; sourceTree = "<group>"; };
		10A7E43E22DC723D00DF3D34 /* Base */ = {isa = PBXFileReference; lastKnownFileType = file.storyboard; name = Base; path = Base.lproj/Main.storyboard; sourceTree = "<group>"; };
		10A7E44022DC723F00DF3D34 /* Assets.xcassets */ = {isa = PBXFileReference; lastKnownFileType = folder.assetcatalog; path = Assets.xcassets; sourceTree = "<group>"; };
		10A7E44322DC723F00DF3D34 /* Base */ = {isa = PBXFileReference; lastKnownFileType = file.storyboard; name = Base; path = Base.lproj/LaunchScreen.storyboard; sourceTree = "<group>"; };
		10A7E44522DC723F00DF3D34 /* Info.plist */ = {isa = PBXFileReference; lastKnownFileType = text.plist.xml; path = Info.plist; sourceTree = "<group>"; };
		10A7E44A22DC723F00DF3D34 /* SpeechToTextTests.xctest */ = {isa = PBXFileReference; explicitFileType = wrapper.cfbundle; includeInIndex = 0; path = SpeechToTextTests.xctest; sourceTree = BUILT_PRODUCTS_DIR; };
		10A7E44E22DC723F00DF3D34 /* SpeechToTextTests.swift */ = {isa = PBXFileReference; lastKnownFileType = sourcecode.swift; path = SpeechToTextTests.swift; sourceTree = "<group>"; };
		10A7E45022DC723F00DF3D34 /* Info.plist */ = {isa = PBXFileReference; lastKnownFileType = text.plist.xml; path = Info.plist; sourceTree = "<group>"; };
		10A7E45522DC723F00DF3D34 /* SpeechToTextUITests.xctest */ = {isa = PBXFileReference; explicitFileType = wrapper.cfbundle; includeInIndex = 0; path = SpeechToTextUITests.xctest; sourceTree = BUILT_PRODUCTS_DIR; };
		10A7E45922DC723F00DF3D34 /* SpeechToTextUITests.swift */ = {isa = PBXFileReference; lastKnownFileType = sourcecode.swift; path = SpeechToTextUITests.swift; sourceTree = "<group>"; };
		10A7E45B22DC723F00DF3D34 /* Info.plist */ = {isa = PBXFileReference; lastKnownFileType = text.plist.xml; path = Info.plist; sourceTree = "<group>"; };
/* End PBXFileReference section */

/* Begin PBXFrameworksBuildPhase section */
		10A7E43322DC723D00DF3D34 /* Frameworks */ = {
			isa = PBXFrameworksBuildPhase;
			buildActionMask = 2147483647;
			files = (
			);
			runOnlyForDeploymentPostprocessing = 0;
		};
		10A7E44722DC723F00DF3D34 /* Frameworks */ = {
			isa = PBXFrameworksBuildPhase;
			buildActionMask = 2147483647;
			files = (
			);
			runOnlyForDeploymentPostprocessing = 0;
		};
		10A7E45222DC723F00DF3D34 /* Frameworks */ = {
			isa = PBXFrameworksBuildPhase;
			buildActionMask = 2147483647;
			files = (
			);
			runOnlyForDeploymentPostprocessing = 0;
		};
/* End PBXFrameworksBuildPhase section */

/* Begin PBXGroup section */
		10A7E42D22DC723D00DF3D34 = {
			isa = PBXGroup;
			children = (
				10A7E43822DC723D00DF3D34 /* SpeechToText */,
				10A7E44D22DC723F00DF3D34 /* SpeechToTextTests */,
				10A7E45822DC723F00DF3D34 /* SpeechToTextUITests */,
				10A7E43722DC723D00DF3D34 /* Products */,
			);
			sourceTree = "<group>";
		};
		10A7E43722DC723D00DF3D34 /* Products */ = {
			isa = PBXGroup;
			children = (
				10A7E43622DC723D00DF3D34 /* SpeechToText.app */,
				10A7E44A22DC723F00DF3D34 /* SpeechToTextTests.xctest */,
				10A7E45522DC723F00DF3D34 /* SpeechToTextUITests.xctest */,
			);
			name = Products;
			sourceTree = "<group>";
		};
		10A7E43822DC723D00DF3D34 /* SpeechToText */ = {
			isa = PBXGroup;
			children = (
				10A7E43922DC723D00DF3D34 /* AppDelegate.swift */,
				10A7E43B22DC723D00DF3D34 /* ViewController.swift */,
				10A7E43D22DC723D00DF3D34 /* Main.storyboard */,
				10A7E44022DC723F00DF3D34 /* Assets.xcassets */,
				10A7E44222DC723F00DF3D34 /* LaunchScreen.storyboard */,
				10A7E44522DC723F00DF3D34 /* Info.plist */,
			);
			path = SpeechToText;
			sourceTree = "<group>";
		};
		10A7E44D22DC723F00DF3D34 /* SpeechToTextTests */ = {
			isa = PBXGroup;
			children = (
				10A7E44E22DC723F00DF3D34 /* SpeechToTextTests.swift */,
				10A7E45022DC723F00DF3D34 /* Info.plist */,
			);
			path = SpeechToTextTests;
			sourceTree = "<group>";
		};
		10A7E45822DC723F00DF3D34 /* SpeechToTextUITests */ = {
			isa = PBXGroup;
			children = (
				10A7E45922DC723F00DF3D34 /* SpeechToTextUITests.swift */,
				10A7E45B22DC723F00DF3D34 /* Info.plist */,
			);
			path = SpeechToTextUITests;
			sourceTree = "<group>";
		};
/* End PBXGroup section */

/* Begin PBXNativeTarget section */
		10A7E43522DC723D00DF3D34 /* SpeechToText */ = {
			isa = PBXNativeTarget;
			buildConfigurationList = 10A7E45E22DC723F00DF3D34 /* Build configuration list for PBXNativeTarget "SpeechToText" */;
			buildPhases = (
				10A7E43222DC723D00DF3D34 /* Sources */,
				10A7E43322DC723D00DF3D34 /* Frameworks */,
				10A7E43422DC723D00DF3D34 /* Resources */,
			);
			buildRules = (
			);
			dependencies = (
			);
			name = SpeechToText;
			productName = SpeechToText;
			productReference = 10A7E43622DC723D00DF3D34 /* SpeechToText.app */;
			productType = "com.apple.product-type.application";
		};
		10A7E44922DC723F00DF3D34 /* SpeechToTextTests */ = {
			isa = PBXNativeTarget;
			buildConfigurationList = 10A7E46122DC723F00DF3D34 /* Build configuration list for PBXNativeTarget "SpeechToTextTests" */;
			buildPhases = (
				10A7E44622DC723F00DF3D34 /* Sources */,
				10A7E44722DC723F00DF3D34 /* Frameworks */,
				10A7E44822DC723F00DF3D34 /* Resources */,
			);
			buildRules = (
			);
			dependencies = (
				10A7E44C22DC723F00DF3D34 /* PBXTargetDependency */,
			);
			name = SpeechToTextTests;
			productName = SpeechToTextTests;
			productReference = 10A7E44A22DC723F00DF3D34 /* SpeechToTextTests.xctest */;
			productType = "com.apple.product-type.bundle.unit-test";
		};
		10A7E45422DC723F00DF3D34 /* SpeechToTextUITests */ = {
			isa = PBXNativeTarget;
			buildConfigurationList = 10A7E46422DC723F00DF3D34 /* Build configuration list for PBXNativeTarget "SpeechToTextUITests" */;
			buildPhases = (
				10A7E45122DC723F00DF3D34 /* Sources */,
				10A7E45222DC723F00DF3D34 /* Frameworks */,
				10A7E45322DC723F00DF3D34 /* Resources */,
			);
			buildRules = (
			);
			dependencies = (
				10A7E45722DC723F00DF3D34 /* PBXTargetDependency */,
			);
			name = SpeechToTextUITests;
			productName = SpeechToTextUITests;
			productReference = 10A7E45522DC723F00DF3D34 /* SpeechToTextUITests.xctest */;
			productType = "com.apple.product-type.bundle.ui-testing";
		};
/* End PBXNativeTarget section */

/* Begin PBXProject section */
		10A7E42E22DC723D00DF3D34 /* Project object */ = {
			isa = PBXProject;
			attributes = {
				LastSwiftUpdateCheck = 1020;
				LastUpgradeCheck = 1020;
				ORGANIZATIONNAME = "JUNHYEOK KWON";
				TargetAttributes = {
					10A7E43522DC723D00DF3D34 = {
						CreatedOnToolsVersion = 10.2.1;
					};
					10A7E44922DC723F00DF3D34 = {
						CreatedOnToolsVersion = 10.2.1;
						TestTargetID = 10A7E43522DC723D00DF3D34;
					};
					10A7E45422DC723F00DF3D34 = {
						CreatedOnToolsVersion = 10.2.1;
						TestTargetID = 10A7E43522DC723D00DF3D34;
					};
				};
			};
			buildConfigurationList = 10A7E43122DC723D00DF3D34 /* Build configuration list for PBXProject "SpeechToText" */;
			compatibilityVersion = "Xcode 9.3";
			developmentRegion = en;
			hasScannedForEncodings = 0;
			knownRegions = (
				en,
				Base,
			);
			mainGroup = 10A7E42D22DC723D00DF3D34;
			productRefGroup = 10A7E43722DC723D00DF3D34 /* Products */;
			projectDirPath = "";
			projectRoot = "";
			targets = (
				10A7E43522DC723D00DF3D34 /* SpeechToText */,
				10A7E44922DC723F00DF3D34 /* SpeechToTextTests */,
				10A7E45422DC723F00DF3D34 /* SpeechToTextUITests */,
			);
		};
/* End PBXProject section */

/* Begin PBXResourcesBuildPhase section */
		10A7E43422DC723D00DF3D34 /* Resources */ = {
			isa = PBXResourcesBuildPhase;
			buildActionMask = 2147483647;
			files = (
				10A7E44422DC723F00DF3D34 /* LaunchScreen.storyboard in Resources */,
				10A7E44122DC723F00DF3D34 /* Assets.xcassets in Resources */,
				10A7E43F22DC723D00DF3D34 /* Main.storyboard in Resources */,
			);
			runOnlyForDeploymentPostprocessing = 0;
		};
		10A7E44822DC723F00DF3D34 /* Resources */ = {
			isa = PBXResourcesBuildPhase;
			buildActionMask = 2147483647;
			files = (
			);
			runOnlyForDeploymentPostprocessing = 0;
		};
		10A7E45322DC723F00DF3D34 /* Resources */ = {
			isa = PBXResourcesBuildPhase;
			buildActionMask = 2147483647;
			files = (
			);
			runOnlyForDeploymentPostprocessing = 0;
		};
/* End PBXResourcesBuildPhase section */

/* Begin PBXSourcesBuildPhase section */
		10A7E43222DC723D00DF3D34 /* Sources */ = {
			isa = PBXSourcesBuildPhase;
			buildActionMask = 2147483647;
			files = (
				10A7E43C22DC723D00DF3D34 /* ViewController.swift in Sources */,
				10A7E43A22DC723D00DF3D34 /* AppDelegate.swift in Sources */,
			);
			runOnlyForDeploymentPostprocessing = 0;
		};
		10A7E44622DC723F00DF3D34 /* Sources */ = {
			isa = PBXSourcesBuildPhase;
			buildActionMask = 2147483647;
			files = (
				10A7E44F22DC723F00DF3D34 /* SpeechToTextTests.swift in Sources */,
			);
			runOnlyForDeploymentPostprocessing = 0;
		};
		10A7E45122DC723F00DF3D34 /* Sources */ = {
			isa = PBXSourcesBuildPhase;
			buildActionMask = 2147483647;
			files = (
				10A7E45A22DC723F00DF3D34 /* SpeechToTextUITests.swift in Sources */,
			);
			runOnlyForDeploymentPostprocessing = 0;
		};
/* End PBXSourcesBuildPhase section */

/* Begin PBXTargetDependency section */
		10A7E44C22DC723F00DF3D34 /* PBXTargetDependency */ = {
			isa = PBXTargetDependency;
			target = 10A7E43522DC723D00DF3D34 /* SpeechToText */;
			targetProxy = 10A7E44B22DC723F00DF3D34 /* PBXContainerItemProxy */;
		};
		10A7E45722DC723F00DF3D34 /* PBXTargetDependency */ = {
			isa = PBXTargetDependency;
			target = 10A7E43522DC723D00DF3D34 /* SpeechToText */;
			targetProxy = 10A7E45622DC723F00DF3D34 /* PBXContainerItemProxy */;
		};
/* End PBXTargetDependency section */

/* Begin PBXVariantGroup section */
		10A7E43D22DC723D00DF3D34 /* Main.storyboard */ = {
			isa = PBXVariantGroup;
			children = (
				10A7E43E22DC723D00DF3D34 /* Base */,
			);
			name = Main.storyboard;
			sourceTree = "<group>";
		};
		10A7E44222DC723F00DF3D34 /* LaunchScreen.storyboard */ = {
			isa = PBXVariantGroup;
			children = (
				10A7E44322DC723F00DF3D34 /* Base */,
			);
			name = LaunchScreen.storyboard;
			sourceTree = "<group>";
		};
/* End PBXVariantGroup section */

/* Begin XCBuildConfiguration section */
		10A7E45C22DC723F00DF3D34 /* Debug */ = {
			isa = XCBuildConfiguration;
			buildSettings = {
				ALWAYS_SEARCH_USER_PATHS = NO;
				CLANG_ANALYZER_NONNULL = YES;
				CLANG_ANALYZER_NUMBER_OBJECT_CONVERSION = YES_AGGRESSIVE;
				CLANG_CXX_LANGUAGE_STANDARD = "gnu++14";
				CLANG_CXX_LIBRARY = "libc++";
				CLANG_ENABLE_MODULES = YES;
				CLANG_ENABLE_OBJC_ARC = YES;
				CLANG_ENABLE_OBJC_WEAK = YES;
				CLANG_WARN_BLOCK_CAPTURE_AUTORELEASING = YES;
				CLANG_WARN_BOOL_CONVERSION = YES;
				CLANG_WARN_COMMA = YES;
				CLANG_WARN_CONSTANT_CONVERSION = YES;
				CLANG_WARN_DEPRECATED_OBJC_IMPLEMENTATIONS = YES;
				CLANG_WARN_DIRECT_OBJC_ISA_USAGE = YES_ERROR;
				CLANG_WARN_DOCUMENTATION_COMMENTS = YES;
				CLANG_WARN_EMPTY_BODY = YES;
				CLANG_WARN_ENUM_CONVERSION = YES;
				CLANG_WARN_INFINITE_RECURSION = YES;
				CLANG_WARN_INT_CONVERSION = YES;
				CLANG_WARN_NON_LITERAL_NULL_CONVERSION = YES;
				CLANG_WARN_OBJC_IMPLICIT_RETAIN_SELF = YES;
				CLANG_WARN_OBJC_LITERAL_CONVERSION = YES;
				CLANG_WARN_OBJC_ROOT_CLASS = YES_ERROR;
				CLANG_WARN_RANGE_LOOP_ANALYSIS = YES;
				CLANG_WARN_STRICT_PROTOTYPES = YES;
				CLANG_WARN_SUSPICIOUS_MOVE = YES;
				CLANG_WARN_UNGUARDED_AVAILABILITY = YES_AGGRESSIVE;
				CLANG_WARN_UNREACHABLE_CODE = YES;
				CLANG_WARN__DUPLICATE_METHOD_MATCH = YES;
				CODE_SIGN_IDENTITY = "iPhone Developer";
				COPY_PHASE_STRIP = NO;
				DEBUG_INFORMATION_FORMAT = dwarf;
				ENABLE_STRICT_OBJC_MSGSEND = YES;
				ENABLE_TESTABILITY = YES;
				GCC_C_LANGUAGE_STANDARD = gnu11;
				GCC_DYNAMIC_NO_PIC = NO;
				GCC_NO_COMMON_BLOCKS = YES;
				GCC_OPTIMIZATION_LEVEL = 0;
				GCC_PREPROCESSOR_DEFINITIONS = (
					"DEBUG=1",
					"$(inherited)",
				);
				GCC_WARN_64_TO_32_BIT_CONVERSION = YES;
				GCC_WARN_ABOUT_RETURN_TYPE = YES_ERROR;
				GCC_WARN_UNDECLARED_SELECTOR = YES;
				GCC_WARN_UNINITIALIZED_AUTOS = YES_AGGRESSIVE;
				GCC_WARN_UNUSED_FUNCTION = YES;
				GCC_WARN_UNUSED_VARIABLE = YES;
				IPHONEOS_DEPLOYMENT_TARGET = 12.2;
				MTL_ENABLE_DEBUG_INFO = INCLUDE_SOURCE;
				MTL_FAST_MATH = YES;
				ONLY_ACTIVE_ARCH = YES;
				SDKROOT = iphoneos;
				SWIFT_ACTIVE_COMPILATION_CONDITIONS = DEBUG;
				SWIFT_OPTIMIZATION_LEVEL = "-Onone";
			};
			name = Debug;
		};
		10A7E45D22DC723F00DF3D34 /* Release */ = {
			isa = XCBuildConfiguration;
			buildSettings = {
				ALWAYS_SEARCH_USER_PATHS = NO;
				CLANG_ANALYZER_NONNULL = YES;
				CLANG_ANALYZER_NUMBER_OBJECT_CONVERSION = YES_AGGRESSIVE;
				CLANG_CXX_LANGUAGE_STANDARD = "gnu++14";
				CLANG_CXX_LIBRARY = "libc++";
				CLANG_ENABLE_MODULES = YES;
				CLANG_ENABLE_OBJC_ARC = YES;
				CLANG_ENABLE_OBJC_WEAK = YES;
				CLANG_WARN_BLOCK_CAPTURE_AUTORELEASING = YES;
				CLANG_WARN_BOOL_CONVERSION = YES;
				CLANG_WARN_COMMA = YES;
				CLANG_WARN_CONSTANT_CONVERSION = YES;
				CLANG_WARN_DEPRECATED_OBJC_IMPLEMENTATIONS = YES;
				CLANG_WARN_DIRECT_OBJC_ISA_USAGE = YES_ERROR;
				CLANG_WARN_DOCUMENTATION_COMMENTS = YES;
				CLANG_WARN_EMPTY_BODY = YES;
				CLANG_WARN_ENUM_CONVERSION = YES;
				CLANG_WARN_INFINITE_RECURSION = YES;
				CLANG_WARN_INT_CONVERSION = YES;
				CLANG_WARN_NON_LITERAL_NULL_CONVERSION = YES;
				CLANG_WARN_OBJC_IMPLICIT_RETAIN_SELF = YES;
				CLANG_WARN_OBJC_LITERAL_CONVERSION = YES;
				CLANG_WARN_OBJC_ROOT_CLASS = YES_ERROR;
				CLANG_WARN_RANGE_LOOP_ANALYSIS = YES;
				CLANG_WARN_STRICT_PROTOTYPES = YES;
				CLANG_WARN_SUSPICIOUS_MOVE = YES;
				CLANG_WARN_UNGUARDED_AVAILABILITY = YES_AGGRESSIVE;
				CLANG_WARN_UNREACHABLE_CODE = YES;
				CLANG_WARN__DUPLICATE_METHOD_MATCH = YES;
				CODE_SIGN_IDENTITY = "iPhone Developer";
				COPY_PHASE_STRIP = NO;
				DEBUG_INFORMATION_FORMAT = "dwarf-with-dsym";
				ENABLE_NS_ASSERTIONS = NO;
				ENABLE_STRICT_OBJC_MSGSEND = YES;
				GCC_C_LANGUAGE_STANDARD = gnu11;
				GCC_NO_COMMON_BLOCKS = YES;
				GCC_WARN_64_TO_32_BIT_CONVERSION = YES;
				GCC_WARN_ABOUT_RETURN_TYPE = YES_ERROR;
				GCC_WARN_UNDECLARED_SELECTOR = YES;
				GCC_WARN_UNINITIALIZED_AUTOS = YES_AGGRESSIVE;
				GCC_WARN_UNUSED_FUNCTION = YES;
				GCC_WARN_UNUSED_VARIABLE = YES;
				IPHONEOS_DEPLOYMENT_TARGET = 12.2;
				MTL_ENABLE_DEBUG_INFO = NO;
				MTL_FAST_MATH = YES;
				SDKROOT = iphoneos;
				SWIFT_COMPILATION_MODE = wholemodule;
				SWIFT_OPTIMIZATION_LEVEL = "-O";
				VALIDATE_PRODUCT = YES;
			};
			name = Release;
		};
		10A7E45F22DC723F00DF3D34 /* Debug */ = {
			isa = XCBuildConfiguration;
			buildSettings = {
				ASSETCATALOG_COMPILER_APPICON_NAME = AppIcon;
				CODE_SIGN_STYLE = Automatic;
				DEVELOPMENT_TEAM = D65C9K34GM;
				INFOPLIST_FILE = SpeechToText/Info.plist;
				LD_RUNPATH_SEARCH_PATHS = (
					"$(inherited)",
					"@executable_path/Frameworks",
				);
				PRODUCT_BUNDLE_IDENTIFIER = j.kwon.SpeechToText;
				PRODUCT_NAME = "$(TARGET_NAME)";
				SWIFT_VERSION = 5.0;
				TARGETED_DEVICE_FAMILY = "1,2";
			};
			name = Debug;
		};
		10A7E46022DC723F00DF3D34 /* Release */ = {
			isa = XCBuildConfiguration;
			buildSettings = {
				ASSETCATALOG_COMPILER_APPICON_NAME = AppIcon;
				CODE_SIGN_STYLE = Automatic;
				DEVELOPMENT_TEAM = D65C9K34GM;
				INFOPLIST_FILE = SpeechToText/Info.plist;
				LD_RUNPATH_SEARCH_PATHS = (
					"$(inherited)",
					"@executable_path/Frameworks",
				);
				PRODUCT_BUNDLE_IDENTIFIER = j.kwon.SpeechToText;
				PRODUCT_NAME = "$(TARGET_NAME)";
				SWIFT_VERSION = 5.0;
				TARGETED_DEVICE_FAMILY = "1,2";
			};
			name = Release;
		};
		10A7E46222DC723F00DF3D34 /* Debug */ = {
			isa = XCBuildConfiguration;
			buildSettings = {
				ALWAYS_EMBED_SWIFT_STANDARD_LIBRARIES = YES;
				BUNDLE_LOADER = "$(TEST_HOST)";
				CODE_SIGN_STYLE = Automatic;
				DEVELOPMENT_TEAM = D65C9K34GM;
				INFOPLIST_FILE = SpeechToTextTests/Info.plist;
				LD_RUNPATH_SEARCH_PATHS = (
					"$(inherited)",
					"@executable_path/Frameworks",
					"@loader_path/Frameworks",
				);
				PRODUCT_BUNDLE_IDENTIFIER = j.kwon.SpeechToTextTests;
				PRODUCT_NAME = "$(TARGET_NAME)";
				SWIFT_VERSION = 5.0;
				TARGETED_DEVICE_FAMILY = "1,2";
				TEST_HOST = "$(BUILT_PRODUCTS_DIR)/SpeechToText.app/SpeechToText";
			};
			name = Debug;
		};
		10A7E46322DC723F00DF3D34 /* Release */ = {
			isa = XCBuildConfiguration;
			buildSettings = {
				ALWAYS_EMBED_SWIFT_STANDARD_LIBRARIES = YES;
				BUNDLE_LOADER = "$(TEST_HOST)";
				CODE_SIGN_STYLE = Automatic;
				DEVELOPMENT_TEAM = D65C9K34GM;
				INFOPLIST_FILE = SpeechToTextTests/Info.plist;
				LD_RUNPATH_SEARCH_PATHS = (
					"$(inherited)",
					"@executable_path/Frameworks",
					"@loader_path/Frameworks",
				);
				PRODUCT_BUNDLE_IDENTIFIER = j.kwon.SpeechToTextTests;
				PRODUCT_NAME = "$(TARGET_NAME)";
				SWIFT_VERSION = 5.0;
				TARGETED_DEVICE_FAMILY = "1,2";
				TEST_HOST = "$(BUILT_PRODUCTS_DIR)/SpeechToText.app/SpeechToText";
			};
			name = Release;
		};
		10A7E46522DC723F00DF3D34 /* Debug */ = {
			isa = XCBuildConfiguration;
			buildSettings = {
				ALWAYS_EMBED_SWIFT_STANDARD_LIBRARIES = YES;
				CODE_SIGN_STYLE = Automatic;
				DEVELOPMENT_TEAM = D65C9K34GM;
				INFOPLIST_FILE = SpeechToTextUITests/Info.plist;
				LD_RUNPATH_SEARCH_PATHS = (
					"$(inherited)",
					"@executable_path/Frameworks",
					"@loader_path/Frameworks",
				);
				PRODUCT_BUNDLE_IDENTIFIER = j.kwon.SpeechToTextUITests;
				PRODUCT_NAME = "$(TARGET_NAME)";
				SWIFT_VERSION = 5.0;
				TARGETED_DEVICE_FAMILY = "1,2";
				TEST_TARGET_NAME = SpeechToText;
			};
			name = Debug;
		};
		10A7E46622DC723F00DF3D34 /* Release */ = {
			isa = XCBuildConfiguration;
			buildSettings = {
				ALWAYS_EMBED_SWIFT_STANDARD_LIBRARIES = YES;
				CODE_SIGN_STYLE = Automatic;
				DEVELOPMENT_TEAM = D65C9K34GM;
				INFOPLIST_FILE = SpeechToTextUITests/Info.plist;
				LD_RUNPATH_SEARCH_PATHS = (
					"$(inherited)",
					"@executable_path/Frameworks",
					"@loader_path/Frameworks",
				);
				PRODUCT_BUNDLE_IDENTIFIER = j.kwon.SpeechToTextUITests;
				PRODUCT_NAME = "$(TARGET_NAME)";
				SWIFT_VERSION = 5.0;
				TARGETED_DEVICE_FAMILY = "1,2";
				TEST_TARGET_NAME = SpeechToText;
			};
			name = Release;
		};
/* End XCBuildConfiguration section */

/* Begin XCConfigurationList section */
		10A7E43122DC723D00DF3D34 /* Build configuration list for PBXProject "SpeechToText" */ = {
			isa = XCConfigurationList;
			buildConfigurations = (
				10A7E45C22DC723F00DF3D34 /* Debug */,
				10A7E45D22DC723F00DF3D34 /* Release */,
			);
			defaultConfigurationIsVisible = 0;
			defaultConfigurationName = Release;
		};
		10A7E45E22DC723F00DF3D34 /* Build configuration list for PBXNativeTarget "SpeechToText" */ = {
			isa = XCConfigurationList;
			buildConfigurations = (
				10A7E45F22DC723F00DF3D34 /* Debug */,
				10A7E46022DC723F00DF3D34 /* Release */,
			);
			defaultConfigurationIsVisible = 0;
			defaultConfigurationName = Release;
		};
		10A7E46122DC723F00DF3D34 /* Build configuration list for PBXNativeTarget "SpeechToTextTests" */ = {
			isa = XCConfigurationList;
			buildConfigurations = (
				10A7E46222DC723F00DF3D34 /* Debug */,
				10A7E46322DC723F00DF3D34 /* Release */,
			);
			defaultConfigurationIsVisible = 0;
			defaultConfigurationName = Release;
		};
		10A7E46422DC723F00DF3D34 /* Build configuration list for PBXNativeTarget "SpeechToTextUITests" */ = {
			isa = XCConfigurationList;
			buildConfigurations = (
				10A7E46522DC723F00DF3D34 /* Debug */,
				10A7E46622DC723F00DF3D34 /* Release */,
			);
			defaultConfigurationIsVisible = 0;
			defaultConfigurationName = Release;
		};
/* End XCConfigurationList section */
	};
	rootObject = 10A7E42E22DC723D00DF3D34 /* Project object */;
}
